
Microsoft Visual Studio Solution File, Format Version 12.00
# Visual Studio 15
Project("{FAE04EC0-301F-11D3-BF4B-00C04F79EFBC}") = "HotUpdate", "HotUpdate.csproj", "{190F9E90-C70C-6AAF-119C-46299C1ABD93}"
EndProject
Project("{FAE04EC0-301F-11D3-BF4B-00C04F79EFBC}") = "UniFramework.Machine", "UniFramework.Machine.csproj", "{F2608E46-FB2C-1478-AE6C-B4188E8F2A23}"
EndProject
Project("{FAE04EC0-301F-11D3-BF4B-00C04F79EFBC}") = "UniFramework.Tween", "UniFramework.Tween.csproj", "{FE4E1D91-BF85-D917-170D-8E59B6E14D72}"
EndProject
Project("{FAE04EC0-301F-11D3-BF4B-00C04F79EFBC}") = "UniFramework.Animation", "UniFramework.Animation.csproj", "{4E1C004E-A5AC-A8E2-0FA3-2C1A8B6DE539}"
EndProject
Project("{FAE04EC0-301F-11D3-BF4B-00C04F79EFBC}") = "UniFramework.Singleton", "UniFramework.Singleton.csproj", "{5B2FA0F9-97A0-3C26-3636-06F6E22B37BE}"
EndProject
Project("{FAE04EC0-301F-11D3-BF4B-00C04F79EFBC}") = "UniFramework.Utility", "UniFramework.Utility.csproj", "{8C7069D7-9930-289D-842B-81F3167899AA}"
EndProject
Project("{FAE04EC0-301F-11D3-BF4B-00C04F79EFBC}") = "UniFramework.Event", "UniFramework.Event.csproj", "{09C9FAEB-8A03-B4C4-F536-9FA1ED2D7EC8}"
EndProject
Project("{FAE04EC0-301F-11D3-BF4B-00C04F79EFBC}") = "UniFramework.Network", "UniFramework.Network.csproj", "{ECDDED81-4F5A-81A0-84EC-3FD678411310}"
EndProject
Project("{FAE04EC0-301F-11D3-BF4B-00C04F79EFBC}") = "YooAssetHelper", "YooAssetHelper.csproj", "{A4BBDFC0-1F0A-0BBA-6F0D-2BD6A9E5C961}"
EndProject
Project("{FAE04EC0-301F-11D3-BF4B-00C04F79EFBC}") = "SNRExtension", "SNRExtension.csproj", "{39CBB1C0-ED26-8CA1-4519-54A541AF245F}"
EndProject
Project("{FAE04EC0-301F-11D3-BF4B-00C04F79EFBC}") = "SNRHelper", "SNRHelper.csproj", "{3BE32463-5928-41CF-0B9E-56D24D70305C}"
EndProject
Project("{FAE04EC0-301F-11D3-BF4B-00C04F79EFBC}") = "SNRDefine", "SNRDefine.csproj", "{4F7CBF28-D83A-DF1E-EDC9-54AF4BF1DA77}"
EndProject
Project("{FAE04EC0-301F-11D3-BF4B-00C04F79EFBC}") = "UniFramework.Pooling", "UniFramework.Pooling.csproj", "{041EFDA9-D7EF-7539-6551-D746C22C0D7E}"
EndProject
Project("{FAE04EC0-301F-11D3-BF4B-00C04F79EFBC}") = "Assembly-CSharp", "Assembly-CSharp.csproj", "{EEE24799-E01A-71DF-5D0F-BDEB69A025A4}"
EndProject
Project("{FAE04EC0-301F-11D3-BF4B-00C04F79EFBC}") = "Assembly-CSharp-Editor", "Assembly-CSharp-Editor.csproj", "{B5699005-D452-0614-B4AA-4D92B4622DBD}"
EndProject
Project("{FAE04EC0-301F-11D3-BF4B-00C04F79EFBC}") = "UniFramework.Window", "UniFramework.Window.csproj", "{3323D9AA-6D01-0625-7CA1-6038CD1FFEC3}"
EndProject
Project("{FAE04EC0-301F-11D3-BF4B-00C04F79EFBC}") = "SNRComponent", "SNRComponent.csproj", "{7740CC23-6F52-21EC-E32C-9EF39CC37EB0}"
EndProject
Project("{FAE04EC0-301F-11D3-BF4B-00C04F79EFBC}") = "SNRToy.Editor", "SNRToy.Editor.csproj", "{2CA53F36-7464-C0A4-BAE3-D0642AE33CAE}"
EndProject
Project("{FAE04EC0-301F-11D3-BF4B-00C04F79EFBC}") = "DefEventDefine", "DefEventDefine.csproj", "{E112F327-F729-F0BF-4362-1285B21304FB}"
EndProject
Global
	GlobalSection(SolutionConfigurationPlatforms) = preSolution
		Debug|Any CPU = Debug|Any CPU
		Release|Any CPU = Release|Any CPU
	EndGlobalSection
	GlobalSection(ProjectConfigurationPlatforms) = postSolution
		{190F9E90-C70C-6AAF-119C-46299C1ABD93}.Debug|Any CPU.ActiveCfg = Debug|Any CPU
		{190F9E90-C70C-6AAF-119C-46299C1ABD93}.Debug|Any CPU.Build.0 = Debug|Any CPU
		{190F9E90-C70C-6AAF-119C-46299C1ABD93}.Release|Any CPU.ActiveCfg = Release|Any CPU
		{190F9E90-C70C-6AAF-119C-46299C1ABD93}.Release|Any CPU.Build.0 = Release|Any CPU
		{F2608E46-FB2C-1478-AE6C-B4188E8F2A23}.Debug|Any CPU.ActiveCfg = Debug|Any CPU
		{F2608E46-FB2C-1478-AE6C-B4188E8F2A23}.Debug|Any CPU.Build.0 = Debug|Any CPU
		{F2608E46-FB2C-1478-AE6C-B4188E8F2A23}.Release|Any CPU.ActiveCfg = Release|Any CPU
		{F2608E46-FB2C-1478-AE6C-B4188E8F2A23}.Release|Any CPU.Build.0 = Release|Any CPU
		{FE4E1D91-BF85-D917-170D-8E59B6E14D72}.Debug|Any CPU.ActiveCfg = Debug|Any CPU
		{FE4E1D91-BF85-D917-170D-8E59B6E14D72}.Debug|Any CPU.Build.0 = Debug|Any CPU
		{FE4E1D91-BF85-D917-170D-8E59B6E14D72}.Release|Any CPU.ActiveCfg = Release|Any CPU
		{FE4E1D91-BF85-D917-170D-8E59B6E14D72}.Release|Any CPU.Build.0 = Release|Any CPU
		{4E1C004E-A5AC-A8E2-0FA3-2C1A8B6DE539}.Debug|Any CPU.ActiveCfg = Debug|Any CPU
		{4E1C004E-A5AC-A8E2-0FA3-2C1A8B6DE539}.Debug|Any CPU.Build.0 = Debug|Any CPU
		{4E1C004E-A5AC-A8E2-0FA3-2C1A8B6DE539}.Release|Any CPU.ActiveCfg = Release|Any CPU
		{4E1C004E-A5AC-A8E2-0FA3-2C1A8B6DE539}.Release|Any CPU.Build.0 = Release|Any CPU
		{5B2FA0F9-97A0-3C26-3636-06F6E22B37BE}.Debug|Any CPU.ActiveCfg = Debug|Any CPU
		{5B2FA0F9-97A0-3C26-3636-06F6E22B37BE}.Debug|Any CPU.Build.0 = Debug|Any CPU
		{5B2FA0F9-97A0-3C26-3636-06F6E22B37BE}.Release|Any CPU.ActiveCfg = Release|Any CPU
		{5B2FA0F9-97A0-3C26-3636-06F6E22B37BE}.Release|Any CPU.Build.0 = Release|Any CPU
		{8C7069D7-9930-289D-842B-81F3167899AA}.Debug|Any CPU.ActiveCfg = Debug|Any CPU
		{8C7069D7-9930-289D-842B-81F3167899AA}.Debug|Any CPU.Build.0 = Debug|Any CPU
		{8C7069D7-9930-289D-842B-81F3167899AA}.Release|Any CPU.ActiveCfg = Release|Any CPU
		{8C7069D7-9930-289D-842B-81F3167899AA}.Release|Any CPU.Build.0 = Release|Any CPU
		{09C9FAEB-8A03-B4C4-F536-9FA1ED2D7EC8}.Debug|Any CPU.ActiveCfg = Debug|Any CPU
		{09C9FAEB-8A03-B4C4-F536-9FA1ED2D7EC8}.Debug|Any CPU.Build.0 = Debug|Any CPU
		{09C9FAEB-8A03-B4C4-F536-9FA1ED2D7EC8}.Release|Any CPU.ActiveCfg = Release|Any CPU
		{09C9FAEB-8A03-B4C4-F536-9FA1ED2D7EC8}.Release|Any CPU.Build.0 = Release|Any CPU
		{ECDDED81-4F5A-81A0-84EC-3FD678411310}.Debug|Any CPU.ActiveCfg = Debug|Any CPU
		{ECDDED81-4F5A-81A0-84EC-3FD678411310}.Debug|Any CPU.Build.0 = Debug|Any CPU
		{ECDDED81-4F5A-81A0-84EC-3FD678411310}.Release|Any CPU.ActiveCfg = Release|Any CPU
		{ECDDED81-4F5A-81A0-84EC-3FD678411310}.Release|Any CPU.Build.0 = Release|Any CPU
		{A4BBDFC0-1F0A-0BBA-6F0D-2BD6A9E5C961}.Debug|Any CPU.ActiveCfg = Debug|Any CPU
		{A4BBDFC0-1F0A-0BBA-6F0D-2BD6A9E5C961}.Debug|Any CPU.Build.0 = Debug|Any CPU
		{A4BBDFC0-1F0A-0BBA-6F0D-2BD6A9E5C961}.Release|Any CPU.ActiveCfg = Release|Any CPU
		{A4BBDFC0-1F0A-0BBA-6F0D-2BD6A9E5C961}.Release|Any CPU.Build.0 = Release|Any CPU
		{39CBB1C0-ED26-8CA1-4519-54A541AF245F}.Debug|Any CPU.ActiveCfg = Debug|Any CPU
		{39CBB1C0-ED26-8CA1-4519-54A541AF245F}.Debug|Any CPU.Build.0 = Debug|Any CPU
		{39CBB1C0-ED26-8CA1-4519-54A541AF245F}.Release|Any CPU.ActiveCfg = Release|Any CPU
		{39CBB1C0-ED26-8CA1-4519-54A541AF245F}.Release|Any CPU.Build.0 = Release|Any CPU
		{3BE32463-5928-41CF-0B9E-56D24D70305C}.Debug|Any CPU.ActiveCfg = Debug|Any CPU
		{3BE32463-5928-41CF-0B9E-56D24D70305C}.Debug|Any CPU.Build.0 = Debug|Any CPU
		{3BE32463-5928-41CF-0B9E-56D24D70305C}.Release|Any CPU.ActiveCfg = Release|Any CPU
		{3BE32463-5928-41CF-0B9E-56D24D70305C}.Release|Any CPU.Build.0 = Release|Any CPU
		{4F7CBF28-D83A-DF1E-EDC9-54AF4BF1DA77}.Debug|Any CPU.ActiveCfg = Debug|Any CPU
		{4F7CBF28-D83A-DF1E-EDC9-54AF4BF1DA77}.Debug|Any CPU.Build.0 = Debug|Any CPU
		{4F7CBF28-D83A-DF1E-EDC9-54AF4BF1DA77}.Release|Any CPU.ActiveCfg = Release|Any CPU
		{4F7CBF28-D83A-DF1E-EDC9-54AF4BF1DA77}.Release|Any CPU.Build.0 = Release|Any CPU
		{041EFDA9-D7EF-7539-6551-D746C22C0D7E}.Debug|Any CPU.ActiveCfg = Debug|Any CPU
		{041EFDA9-D7EF-7539-6551-D746C22C0D7E}.Debug|Any CPU.Build.0 = Debug|Any CPU
		{041EFDA9-D7EF-7539-6551-D746C22C0D7E}.Release|Any CPU.ActiveCfg = Release|Any CPU
		{041EFDA9-D7EF-7539-6551-D746C22C0D7E}.Release|Any CPU.Build.0 = Release|Any CPU
		{EEE24799-E01A-71DF-5D0F-BDEB69A025A4}.Debug|Any CPU.ActiveCfg = Debug|Any CPU
		{EEE24799-E01A-71DF-5D0F-BDEB69A025A4}.Debug|Any CPU.Build.0 = Debug|Any CPU
		{EEE24799-E01A-71DF-5D0F-BDEB69A025A4}.Release|Any CPU.ActiveCfg = Release|Any CPU
		{EEE24799-E01A-71DF-5D0F-BDEB69A025A4}.Release|Any CPU.Build.0 = Release|Any CPU
		{B5699005-D452-0614-B4AA-4D92B4622DBD}.Debug|Any CPU.ActiveCfg = Debug|Any CPU
		{B5699005-D452-0614-B4AA-4D92B4622DBD}.Debug|Any CPU.Build.0 = Debug|Any CPU
		{B5699005-D452-0614-B4AA-4D92B4622DBD}.Release|Any CPU.ActiveCfg = Release|Any CPU
		{B5699005-D452-0614-B4AA-4D92B4622DBD}.Release|Any CPU.Build.0 = Release|Any CPU
		{3323D9AA-6D01-0625-7CA1-6038CD1FFEC3}.Debug|Any CPU.ActiveCfg = Debug|Any CPU
		{3323D9AA-6D01-0625-7CA1-6038CD1FFEC3}.Debug|Any CPU.Build.0 = Debug|Any CPU
		{3323D9AA-6D01-0625-7CA1-6038CD1FFEC3}.Release|Any CPU.ActiveCfg = Release|Any CPU
		{3323D9AA-6D01-0625-7CA1-6038CD1FFEC3}.Release|Any CPU.Build.0 = Release|Any CPU
		{7740CC23-6F52-21EC-E32C-9EF39CC37EB0}.Debug|Any CPU.ActiveCfg = Debug|Any CPU
		{7740CC23-6F52-21EC-E32C-9EF39CC37EB0}.Debug|Any CPU.Build.0 = Debug|Any CPU
		{7740CC23-6F52-21EC-E32C-9EF39CC37EB0}.Release|Any CPU.ActiveCfg = Release|Any CPU
		{7740CC23-6F52-21EC-E32C-9EF39CC37EB0}.Release|Any CPU.Build.0 = Release|Any CPU
		{2CA53F36-7464-C0A4-BAE3-D0642AE33CAE}.Debug|Any CPU.ActiveCfg = Debug|Any CPU
		{2CA53F36-7464-C0A4-BAE3-D0642AE33CAE}.Debug|Any CPU.Build.0 = Debug|Any CPU
		{2CA53F36-7464-C0A4-BAE3-D0642AE33CAE}.Release|Any CPU.ActiveCfg = Release|Any CPU
		{2CA53F36-7464-C0A4-BAE3-D0642AE33CAE}.Release|Any CPU.Build.0 = Release|Any CPU
		{E112F327-F729-F0BF-4362-1285B21304FB}.Debug|Any CPU.ActiveCfg = Debug|Any CPU
		{E112F327-F729-F0BF-4362-1285B21304FB}.Debug|Any CPU.Build.0 = Debug|Any CPU
		{E112F327-F729-F0BF-4362-1285B21304FB}.Release|Any CPU.ActiveCfg = Release|Any CPU
		{E112F327-F729-F0BF-4362-1285B21304FB}.Release|Any CPU.Build.0 = Release|Any CPU
	EndGlobalSection
	GlobalSection(SolutionProperties) = preSolution
		HideSolutionNode = FALSE
	EndGlobalSection
EndGlobal
